PODS:
  - Crashlytics (3.7.0):
    - Fabric (~> 1.6.3)
  - Fabric (1.6.7)
  - Flurry-iOS-SDK/FlurrySDK (7.5.2)
  - FSCalendar (1.8.2)
  - pop (1.0.9)
  - Realm (0.98.2):
    - Realm/Headers (= 0.98.2)
  - Realm/Headers (0.98.2)
  - RealmSwift (0.98.2):
    - Realm (= 0.98.2)

DEPENDENCIES:
  - Crashlytics
  - Fabric
  - Flurry-iOS-SDK/FlurrySDK
  - FSCalendar
  - pop (~> 1.0)
  - RealmSwift

SPEC CHECKSUMS:
  Crashlytics: c3a2333dea9e2733d2777f730910321fc9e25c0d
  Fabric: caf7580c725e64db144f610ac65cd60956911dc7
  Flurry-iOS-SDK: 8c87c4eab6008184ad9f63afabd79ec0d109c82e
  FSCalendar: 5e348e1352f7513096812e4023e39b64b856bb7e
  pop: f667631a5108a2e60d9e8797c9b32ddaf2080bce
  Realm: 88a147fe04b8f07191a676b15c779b2b448991de
  RealmSwift: 9907c7415b3e19ef2ab9f89878fc890f03f93aea

COCOAPODS: 0.39.0
